
Microsoft Visual Studio Solution File, Format Version 12.00
# Visual Studio Version 17
VisualStudioVersion = 17.11.35208.52
MinimumVisualStudioVersion = 10.0.40219.1
Project("{FAE04EC0-301F-11D3-BF4B-00C04F79EFBC}") = "ProjectoTicketsAbCorFlo", "ProjectoTicketsAbCorFlo.csproj", "{06B61689-9C98-47F9-8132-ADC6650A4369}"
EndProject
Global
	GlobalSection(SolutionConfigurationPlatforms) = preSolution
		Debug|Any CPU = Debug|Any CPU
		Release|Any CPU = Release|Any CPU
	EndGlobalSection
	GlobalSection(ProjectConfigurationPlatforms) = postSolution
		{06B61689-9C98-47F9-8132-ADC6650A4369}.Debug|Any CPU.ActiveCfg = Debug|Any CPU
		{06B61689-9C98-47F9-8132-ADC6650A4369}.Debug|Any CPU.Build.0 = Debug|Any CPU
		{06B61689-9C98-47F9-8132-ADC6650A4369}.Release|Any CPU.ActiveCfg = Release|Any CPU
		{06B61689-9C98-47F9-8132-ADC6650A4369}.Release|Any CPU.Build.0 = Release|Any CPU
	EndGlobalSection
	GlobalSection(SolutionProperties) = preSolution
		HideSolutionNode = FALSE
	EndGlobalSection
	GlobalSection(ExtensibilityGlobals) = postSolution
		SolutionGuid = {E0406D51-18F3-4AD8-8385-F91F5602D84A}
	EndGlobalSection
EndGlobal
